// !$*UTF8*$!
{
	archiveVersion = 1;
	classes = {
	};
	objectVersion = 46;
	objects = {

/* Begin PBXBuildFile section */
		4361E8FE1EB59FE40062CED0 /* AppDelegate.swift in Sources */ = {isa = PBXBuildFile; fileRef = 4361E8FD1EB59FE40062CED0 /* AppDelegate.swift */; };
		4361E9001EB59FE40062CED0 /* ViewController.swift in Sources */ = {isa = PBXBuildFile; fileRef = 4361E8FF1EB59FE40062CED0 /* ViewController.swift */; };
		4361E9031EB59FE40062CED0 /* Main.storyboard in Resources */ = {isa = PBXBuildFile; fileRef = 4361E9011EB59FE40062CED0 /* Main.storyboard */; };
		4361E9051EB59FE40062CED0 /* Assets.xcassets in Resources */ = {isa = PBXBuildFile; fileRef = 4361E9041EB59FE40062CED0 /* Assets.xcassets */; };
		4361E9081EB59FE40062CED0 /* LaunchScreen.storyboard in Resources */ = {isa = PBXBuildFile; fileRef = 4361E9061EB59FE40062CED0 /* LaunchScreen.storyboard */; };
		486E6B621EB9B88F009A37B4 /* API.swift in Sources */ = {isa = PBXBuildFile; fileRef = 486E6B611EB9B88F009A37B4 /* API.swift */; };
		489D634A1EC6FF20008042D4 /* RequestedContentsViewController.swift in Sources */ = {isa = PBXBuildFile; fileRef = 489D63491EC6FF20008042D4 /* RequestedContentsViewController.swift */; };
		489D634C1EC70130008042D4 /* RequestedContentTableViewCell.swift in Sources */ = {isa = PBXBuildFile; fileRef = 489D634B1EC70130008042D4 /* RequestedContentTableViewCell.swift */; };
		489D63521EC815E7008042D4 /* PostViewController.swift in Sources */ = {isa = PBXBuildFile; fileRef = 489D63511EC815E7008042D4 /* PostViewController.swift */; };
		621E7D931EC3781400DF4A05 /* KidViewController.swift in Sources */ = {isa = PBXBuildFile; fileRef = 621E7D921EC3781400DF4A05 /* KidViewController.swift */; };
		6249A3B81EC3E7A100F66108 /* DataManager.swift in Sources */ = {isa = PBXBuildFile; fileRef = 6249A3B71EC3E7A100F66108 /* DataManager.swift */; };
		6265743A1EC691AE006F5ED7 /* KidImageContentViewController.swift in Sources */ = {isa = PBXBuildFile; fileRef = 626574391EC691AE006F5ED7 /* KidImageContentViewController.swift */; };
		6265743C1EC77391006F5ED7 /* KidVideoContentViewController.swift in Sources */ = {isa = PBXBuildFile; fileRef = 6265743B1EC77391006F5ED7 /* KidVideoContentViewController.swift */; };
		66965E1F248144DAB91BA6BA /* Pods_Kulture.framework in Frameworks */ = {isa = PBXBuildFile; fileRef = 6E0B01A1E9B9EF0ED09C4F0A /* Pods_Kulture.framework */; };
		9099A8A51EBFE3ED0077E47C /* MenuViewModel.swift in Sources */ = {isa = PBXBuildFile; fileRef = 9099A8A41EBFE3ED0077E47C /* MenuViewModel.swift */; };
		9099A8A71EBFEEBC0077E47C /* MenuItemModel.swift in Sources */ = {isa = PBXBuildFile; fileRef = 9099A8A61EBFEEBC0077E47C /* MenuItemModel.swift */; };
		9099A8A91EBFF1980077E47C /* TimeLineViewController.swift in Sources */ = {isa = PBXBuildFile; fileRef = 9099A8A81EBFF1980077E47C /* TimeLineViewController.swift */; };
		9099A8AB1EBFF1E70077E47C /* TimeLineViewModel.swift in Sources */ = {isa = PBXBuildFile; fileRef = 9099A8AA1EBFF1E70077E47C /* TimeLineViewModel.swift */; };
		9099A8AD1EBFFC890077E47C /* ParentMenuItemTableViewCell.swift in Sources */ = {isa = PBXBuildFile; fileRef = 9099A8AC1EBFFC890077E47C /* ParentMenuItemTableViewCell.swift */; };
		90CD5CE81EBFBA25007A807E /* LoginViewController.swift in Sources */ = {isa = PBXBuildFile; fileRef = 90CD5CE71EBFBA25007A807E /* LoginViewController.swift */; };
		90CD5CEB1EBFC0A3007A807E /* User.swift in Sources */ = {isa = PBXBuildFile; fileRef = 90CD5CEA1EBFC0A3007A807E /* User.swift */; };
		90CD5CED1EBFC207007A807E /* Session.swift in Sources */ = {isa = PBXBuildFile; fileRef = 90CD5CEC1EBFC207007A807E /* Session.swift */; };
		90CD5CEF1EBFD5EB007A807E /* HomeContainerViewController.swift in Sources */ = {isa = PBXBuildFile; fileRef = 90CD5CEE1EBFD5EB007A807E /* HomeContainerViewController.swift */; };
		90CD5CF11EBFD604007A807E /* MenuViewController.swift in Sources */ = {isa = PBXBuildFile; fileRef = 90CD5CF01EBFD604007A807E /* MenuViewController.swift */; };
		90D2AFC61EC00E7300617EAD /* RequestContentViewController.swift in Sources */ = {isa = PBXBuildFile; fileRef = 90D2AFC51EC00E7300617EAD /* RequestContentViewController.swift */; };
		90D2AFC91EC1544500617EAD /* MenuViewControllerHelper.swift in Sources */ = {isa = PBXBuildFile; fileRef = 90D2AFC81EC1544500617EAD /* MenuViewControllerHelper.swift */; };
/* End PBXBuildFile section */

/* Begin PBXFileReference section */
		4361E8FA1EB59FE40062CED0 /* Kulture.app */ = {isa = PBXFileReference; explicitFileType = wrapper.application; includeInIndex = 0; path = Kulture.app; sourceTree = BUILT_PRODUCTS_DIR; };
		4361E8FD1EB59FE40062CED0 /* AppDelegate.swift */ = {isa = PBXFileReference; lastKnownFileType = sourcecode.swift; path = AppDelegate.swift; sourceTree = "<group>"; };
		4361E8FF1EB59FE40062CED0 /* ViewController.swift */ = {isa = PBXFileReference; lastKnownFileType = sourcecode.swift; path = ViewController.swift; sourceTree = "<group>"; };
		4361E9021EB59FE40062CED0 /* Base */ = {isa = PBXFileReference; lastKnownFileType = file.storyboard; name = Base; path = Base.lproj/Main.storyboard; sourceTree = "<group>"; };
		4361E9041EB59FE40062CED0 /* Assets.xcassets */ = {isa = PBXFileReference; lastKnownFileType = folder.assetcatalog; path = Assets.xcassets; sourceTree = "<group>"; };
		4361E9071EB59FE40062CED0 /* Base */ = {isa = PBXFileReference; lastKnownFileType = file.storyboard; name = Base; path = Base.lproj/LaunchScreen.storyboard; sourceTree = "<group>"; };
		4361E9091EB59FE40062CED0 /* Info.plist */ = {isa = PBXFileReference; lastKnownFileType = text.plist.xml; path = Info.plist; sourceTree = "<group>"; };
		486E6B611EB9B88F009A37B4 /* API.swift */ = {isa = PBXFileReference; fileEncoding = 4; lastKnownFileType = sourcecode.swift; path = API.swift; sourceTree = "<group>"; };
		489D63491EC6FF20008042D4 /* RequestedContentsViewController.swift */ = {isa = PBXFileReference; fileEncoding = 4; lastKnownFileType = sourcecode.swift; path = RequestedContentsViewController.swift; sourceTree = "<group>"; };
		489D634B1EC70130008042D4 /* RequestedContentTableViewCell.swift */ = {isa = PBXFileReference; fileEncoding = 4; lastKnownFileType = sourcecode.swift; path = RequestedContentTableViewCell.swift; sourceTree = "<group>"; };
		489D63511EC815E7008042D4 /* PostViewController.swift */ = {isa = PBXFileReference; fileEncoding = 4; lastKnownFileType = sourcecode.swift; path = PostViewController.swift; sourceTree = "<group>"; };
		621E7D921EC3781400DF4A05 /* KidViewController.swift */ = {isa = PBXFileReference; fileEncoding = 4; lastKnownFileType = sourcecode.swift; path = KidViewController.swift; sourceTree = "<group>"; };
		6249A3B71EC3E7A100F66108 /* DataManager.swift */ = {isa = PBXFileReference; fileEncoding = 4; lastKnownFileType = sourcecode.swift; path = DataManager.swift; sourceTree = "<group>"; };
		626574391EC691AE006F5ED7 /* KidImageContentViewController.swift */ = {isa = PBXFileReference; fileEncoding = 4; lastKnownFileType = sourcecode.swift; path = KidImageContentViewController.swift; sourceTree = "<group>"; };
		6265743B1EC77391006F5ED7 /* KidVideoContentViewController.swift */ = {isa = PBXFileReference; fileEncoding = 4; lastKnownFileType = sourcecode.swift; path = KidVideoContentViewController.swift; sourceTree = "<group>"; };
		6E0B01A1E9B9EF0ED09C4F0A /* Pods_Kulture.framework */ = {isa = PBXFileReference; explicitFileType = wrapper.framework; includeInIndex = 0; path = Pods_Kulture.framework; sourceTree = BUILT_PRODUCTS_DIR; };
		9099A8A41EBFE3ED0077E47C /* MenuViewModel.swift */ = {isa = PBXFileReference; fileEncoding = 4; lastKnownFileType = sourcecode.swift; path = MenuViewModel.swift; sourceTree = "<group>"; };
		9099A8A61EBFEEBC0077E47C /* MenuItemModel.swift */ = {isa = PBXFileReference; fileEncoding = 4; lastKnownFileType = sourcecode.swift; path = MenuItemModel.swift; sourceTree = "<group>"; };
		9099A8A81EBFF1980077E47C /* TimeLineViewController.swift */ = {isa = PBXFileReference; fileEncoding = 4; lastKnownFileType = sourcecode.swift; path = TimeLineViewController.swift; sourceTree = "<group>"; };
		9099A8AA1EBFF1E70077E47C /* TimeLineViewModel.swift */ = {isa = PBXFileReference; fileEncoding = 4; lastKnownFileType = sourcecode.swift; path = TimeLineViewModel.swift; sourceTree = "<group>"; };
		9099A8AC1EBFFC890077E47C /* ParentMenuItemTableViewCell.swift */ = {isa = PBXFileReference; fileEncoding = 4; lastKnownFileType = sourcecode.swift; path = ParentMenuItemTableViewCell.swift; sourceTree = "<group>"; };
		90CD5CE71EBFBA25007A807E /* LoginViewController.swift */ = {isa = PBXFileReference; fileEncoding = 4; lastKnownFileType = sourcecode.swift; path = LoginViewController.swift; sourceTree = "<group>"; };
		90CD5CEA1EBFC0A3007A807E /* User.swift */ = {isa = PBXFileReference; fileEncoding = 4; lastKnownFileType = sourcecode.swift; path = User.swift; sourceTree = "<group>"; };
		90CD5CEC1EBFC207007A807E /* Session.swift */ = {isa = PBXFileReference; fileEncoding = 4; lastKnownFileType = sourcecode.swift; path = Session.swift; sourceTree = "<group>"; };
		90CD5CEE1EBFD5EB007A807E /* HomeContainerViewController.swift */ = {isa = PBXFileReference; fileEncoding = 4; lastKnownFileType = sourcecode.swift; path = HomeContainerViewController.swift; sourceTree = "<group>"; };
		90CD5CF01EBFD604007A807E /* MenuViewController.swift */ = {isa = PBXFileReference; fileEncoding = 4; lastKnownFileType = sourcecode.swift; path = MenuViewController.swift; sourceTree = "<group>"; };
		90D2AFC51EC00E7300617EAD /* RequestContentViewController.swift */ = {isa = PBXFileReference; fileEncoding = 4; lastKnownFileType = sourcecode.swift; path = RequestContentViewController.swift; sourceTree = "<group>"; };
		90D2AFC81EC1544500617EAD /* MenuViewControllerHelper.swift */ = {isa = PBXFileReference; fileEncoding = 4; lastKnownFileType = sourcecode.swift; path = MenuViewControllerHelper.swift; sourceTree = "<group>"; };
		A24DE6099C0EFE92104EA2C7 /* Pods-Kulture.release.xcconfig */ = {isa = PBXFileReference; includeInIndex = 1; lastKnownFileType = text.xcconfig; name = "Pods-Kulture.release.xcconfig"; path = "Pods/Target Support Files/Pods-Kulture/Pods-Kulture.release.xcconfig"; sourceTree = "<group>"; };
		D37FE26B54455D78E2674A1B /* Pods-Kulture.debug.xcconfig */ = {isa = PBXFileReference; includeInIndex = 1; lastKnownFileType = text.xcconfig; name = "Pods-Kulture.debug.xcconfig"; path = "Pods/Target Support Files/Pods-Kulture/Pods-Kulture.debug.xcconfig"; sourceTree = "<group>"; };
/* End PBXFileReference section */

/* Begin PBXFrameworksBuildPhase section */
		4361E8F71EB59FE40062CED0 /* Frameworks */ = {
			isa = PBXFrameworksBuildPhase;
			buildActionMask = 2147483647;
			files = (
				66965E1F248144DAB91BA6BA /* Pods_Kulture.framework in Frameworks */,
			);
			runOnlyForDeploymentPostprocessing = 0;
		};
/* End PBXFrameworksBuildPhase section */

/* Begin PBXGroup section */
		4361E8F11EB59FE40062CED0 = {
			isa = PBXGroup;
			children = (
				4361E8FC1EB59FE40062CED0 /* Kulture */,
				4361E8FB1EB59FE40062CED0 /* Products */,
				B5988EDCCAD64A3CEE37B062 /* Pods */,
				8E28B32C16FC734240F69527 /* Frameworks */,
			);
			sourceTree = "<group>";
		};
		4361E8FB1EB59FE40062CED0 /* Products */ = {
			isa = PBXGroup;
			children = (
				4361E8FA1EB59FE40062CED0 /* Kulture.app */,
			);
			name = Products;
			sourceTree = "<group>";
		};
		4361E8FC1EB59FE40062CED0 /* Kulture */ = {
			isa = PBXGroup;
			children = (
				621E7D901EC3761500DF4A05 /* Features */,
				90D2AFC71EC1541400617EAD /* Helpers */,
				90CD5CE91EBFC076007A807E /* models */,
				90CD5CE61EBFB9EC007A807E /* views */,
				90CD5CE51EBFB9E3007A807E /* viewModels */,
				90CD5CE41EBFB9D4007A807E /* viewControllers */,
				486E6B611EB9B88F009A37B4 /* API.swift */,
				4361E8FD1EB59FE40062CED0 /* AppDelegate.swift */,
				4361E8FF1EB59FE40062CED0 /* ViewController.swift */,
				4361E9011EB59FE40062CED0 /* Main.storyboard */,
				4361E9041EB59FE40062CED0 /* Assets.xcassets */,
				4361E9061EB59FE40062CED0 /* LaunchScreen.storyboard */,
				4361E9091EB59FE40062CED0 /* Info.plist */,
				6249A3B71EC3E7A100F66108 /* DataManager.swift */,
			);
			path = Kulture;
			sourceTree = "<group>";
		};
		621E7D901EC3761500DF4A05 /* Features */ = {
			isa = PBXGroup;
			children = (
				621E7D911EC3765C00DF4A05 /* KidsView */,
			);
			path = Features;
			sourceTree = "<group>";
		};
		621E7D911EC3765C00DF4A05 /* KidsView */ = {
			isa = PBXGroup;
			children = (
				621E7D921EC3781400DF4A05 /* KidViewController.swift */,
				626574391EC691AE006F5ED7 /* KidImageContentViewController.swift */,
				6265743B1EC77391006F5ED7 /* KidVideoContentViewController.swift */,
			);
			path = KidsView;
			sourceTree = "<group>";
		};
		8E28B32C16FC734240F69527 /* Frameworks */ = {
			isa = PBXGroup;
			children = (
				6E0B01A1E9B9EF0ED09C4F0A /* Pods_Kulture.framework */,
			);
			name = Frameworks;
			sourceTree = "<group>";
		};
		90CD5CE41EBFB9D4007A807E /* viewControllers */ = {
			isa = PBXGroup;
			children = (
				90CD5CE71EBFBA25007A807E /* LoginViewController.swift */,
				90CD5CEE1EBFD5EB007A807E /* HomeContainerViewController.swift */,
				90CD5CF01EBFD604007A807E /* MenuViewController.swift */,
				9099A8A81EBFF1980077E47C /* TimeLineViewController.swift */,
				90D2AFC51EC00E7300617EAD /* RequestContentViewController.swift */,
				489D63491EC6FF20008042D4 /* RequestedContentsViewController.swift */,
				489D63511EC815E7008042D4 /* PostViewController.swift */,
			);
			name = viewControllers;
			sourceTree = "<group>";
		};
		90CD5CE51EBFB9E3007A807E /* viewModels */ = {
			isa = PBXGroup;
			children = (
				9099A8A41EBFE3ED0077E47C /* MenuViewModel.swift */,
				9099A8AA1EBFF1E70077E47C /* TimeLineViewModel.swift */,
			);
			name = viewModels;
			sourceTree = "<group>";
		};
		90CD5CE61EBFB9EC007A807E /* views */ = {
			isa = PBXGroup;
			children = (
				9099A8AC1EBFFC890077E47C /* ParentMenuItemTableViewCell.swift */,
				489D634B1EC70130008042D4 /* RequestedContentTableViewCell.swift */,
			);
			name = views;
			sourceTree = "<group>";
		};
		90CD5CE91EBFC076007A807E /* models */ = {
			isa = PBXGroup;
			children = (
				90CD5CEA1EBFC0A3007A807E /* User.swift */,
				90CD5CEC1EBFC207007A807E /* Session.swift */,
				9099A8A61EBFEEBC0077E47C /* MenuItemModel.swift */,
			);
			name = models;
			sourceTree = "<group>";
		};
		90D2AFC71EC1541400617EAD /* Helpers */ = {
			isa = PBXGroup;
			children = (
				90D2AFC81EC1544500617EAD /* MenuViewControllerHelper.swift */,
			);
			name = Helpers;
			sourceTree = "<group>";
		};
		B5988EDCCAD64A3CEE37B062 /* Pods */ = {
			isa = PBXGroup;
			children = (
				D37FE26B54455D78E2674A1B /* Pods-Kulture.debug.xcconfig */,
				A24DE6099C0EFE92104EA2C7 /* Pods-Kulture.release.xcconfig */,
			);
			name = Pods;
			sourceTree = "<group>";
		};
/* End PBXGroup section */

/* Begin PBXNativeTarget section */
		4361E8F91EB59FE40062CED0 /* Kulture */ = {
			isa = PBXNativeTarget;
			buildConfigurationList = 4361E90C1EB59FE40062CED0 /* Build configuration list for PBXNativeTarget "Kulture" */;
			buildPhases = (
				2BC91DF9C482F480523621E6 /* [CP] Check Pods Manifest.lock */,
				4361E8F61EB59FE40062CED0 /* Sources */,
				4361E8F71EB59FE40062CED0 /* Frameworks */,
				4361E8F81EB59FE40062CED0 /* Resources */,
				9ACAC30FC42FF7E8ACE12126 /* [CP] Embed Pods Frameworks */,
				87C22D29A157328C0BC1A310 /* [CP] Copy Pods Resources */,
			);
			buildRules = (
			);
			dependencies = (
			);
			name = Kulture;
			productName = Kulture;
			productReference = 4361E8FA1EB59FE40062CED0 /* Kulture.app */;
			productType = "com.apple.product-type.application";
		};
/* End PBXNativeTarget section */

/* Begin PBXProject section */
		4361E8F21EB59FE40062CED0 /* Project object */ = {
			isa = PBXProject;
			attributes = {
				LastSwiftUpdateCheck = 0830;
				LastUpgradeCheck = 0830;
				ORGANIZATIONNAME = FutureXInc;
				TargetAttributes = {
					4361E8F91EB59FE40062CED0 = {
						CreatedOnToolsVersion = 8.3.1;
						ProvisioningStyle = Automatic;
					};
				};
			};
			buildConfigurationList = 4361E8F51EB59FE40062CED0 /* Build configuration list for PBXProject "Kulture" */;
			compatibilityVersion = "Xcode 3.2";
			developmentRegion = English;
			hasScannedForEncodings = 0;
			knownRegions = (
				en,
				Base,
			);
			mainGroup = 4361E8F11EB59FE40062CED0;
			productRefGroup = 4361E8FB1EB59FE40062CED0 /* Products */;
			projectDirPath = "";
			projectRoot = "";
			targets = (
				4361E8F91EB59FE40062CED0 /* Kulture */,
			);
		};
/* End PBXProject section */

/* Begin PBXResourcesBuildPhase section */
		4361E8F81EB59FE40062CED0 /* Resources */ = {
			isa = PBXResourcesBuildPhase;
			buildActionMask = 2147483647;
			files = (
				4361E9081EB59FE40062CED0 /* LaunchScreen.storyboard in Resources */,
				4361E9051EB59FE40062CED0 /* Assets.xcassets in Resources */,
				4361E9031EB59FE40062CED0 /* Main.storyboard in Resources */,
			);
			runOnlyForDeploymentPostprocessing = 0;
		};
/* End PBXResourcesBuildPhase section */

/* Begin PBXShellScriptBuildPhase section */
		2BC91DF9C482F480523621E6 /* [CP] Check Pods Manifest.lock */ = {
			isa = PBXShellScriptBuildPhase;
			buildActionMask = 2147483647;
			files = (
			);
			inputPaths = (
			);
			name = "[CP] Check Pods Manifest.lock";
			outputPaths = (
			);
			runOnlyForDeploymentPostprocessing = 0;
			shellPath = /bin/sh;
			shellScript = "diff \"${PODS_ROOT}/../Podfile.lock\" \"${PODS_ROOT}/Manifest.lock\" > /dev/null\nif [ $? != 0 ] ; then\n    # print error to STDERR\n    echo \"error: The sandbox is not in sync with the Podfile.lock. Run 'pod install' or update your CocoaPods installation.\" >&2\n    exit 1\nfi\n";
			showEnvVarsInLog = 0;
		};
		87C22D29A157328C0BC1A310 /* [CP] Copy Pods Resources */ = {
			isa = PBXShellScriptBuildPhase;
			buildActionMask = 2147483647;
			files = (
			);
			inputPaths = (
			);
			name = "[CP] Copy Pods Resources";
			outputPaths = (
			);
			runOnlyForDeploymentPostprocessing = 0;
			shellPath = /bin/sh;
			shellScript = "\"${SRCROOT}/Pods/Target Support Files/Pods-Kulture/Pods-Kulture-resources.sh\"\n";
			showEnvVarsInLog = 0;
		};
		9ACAC30FC42FF7E8ACE12126 /* [CP] Embed Pods Frameworks */ = {
			isa = PBXShellScriptBuildPhase;
			buildActionMask = 2147483647;
			files = (
			);
			inputPaths = (
			);
			name = "[CP] Embed Pods Frameworks";
			outputPaths = (
			);
			runOnlyForDeploymentPostprocessing = 0;
			shellPath = /bin/sh;
			shellScript = "\"${SRCROOT}/Pods/Target Support Files/Pods-Kulture/Pods-Kulture-frameworks.sh\"\n";
			showEnvVarsInLog = 0;
		};
/* End PBXShellScriptBuildPhase section */

/* Begin PBXSourcesBuildPhase section */
		4361E8F61EB59FE40062CED0 /* Sources */ = {
			isa = PBXSourcesBuildPhase;
			buildActionMask = 2147483647;
			files = (
				90CD5CED1EBFC207007A807E /* Session.swift in Sources */,
				6265743C1EC77391006F5ED7 /* KidVideoContentViewController.swift in Sources */,
				90CD5CEB1EBFC0A3007A807E /* User.swift in Sources */,
				9099A8A71EBFEEBC0077E47C /* MenuItemModel.swift in Sources */,
				9099A8A91EBFF1980077E47C /* TimeLineViewController.swift in Sources */,
				90CD5CE81EBFBA25007A807E /* LoginViewController.swift in Sources */,
				6265743A1EC691AE006F5ED7 /* KidImageContentViewController.swift in Sources */,
				90CD5CF11EBFD604007A807E /* MenuViewController.swift in Sources */,
				4361E9001EB59FE40062CED0 /* ViewController.swift in Sources */,
				489D634C1EC70130008042D4 /* RequestedContentTableViewCell.swift in Sources */,
				6249A3B81EC3E7A100F66108 /* DataManager.swift in Sources */,
				489D63521EC815E7008042D4 /* PostViewController.swift in Sources */,
				621E7D931EC3781400DF4A05 /* KidViewController.swift in Sources */,
				489D634A1EC6FF20008042D4 /* RequestedContentsViewController.swift in Sources */,
				9099A8AD1EBFFC890077E47C /* ParentMenuItemTableViewCell.swift in Sources */,
				4361E8FE1EB59FE40062CED0 /* AppDelegate.swift in Sources */,
				90D2AFC91EC1544500617EAD /* MenuViewControllerHelper.swift in Sources */,
				90CD5CEF1EBFD5EB007A807E /* HomeContainerViewController.swift in Sources */,
				90D2AFC61EC00E7300617EAD /* RequestContentViewController.swift in Sources */,
				9099A8AB1EBFF1E70077E47C /* TimeLineViewModel.swift in Sources */,
				9099A8A51EBFE3ED0077E47C /* MenuViewModel.swift in Sources */,
				486E6B621EB9B88F009A37B4 /* API.swift in Sources */,
			);
			runOnlyForDeploymentPostprocessing = 0;
		};
/* End PBXSourcesBuildPhase section */

/* Begin PBXVariantGroup section */
		4361E9011EB59FE40062CED0 /* Main.storyboard */ = {
			isa = PBXVariantGroup;
			children = (
				4361E9021EB59FE40062CED0 /* Base */,
			);
			name = Main.storyboard;
			sourceTree = "<group>";
		};
		4361E9061EB59FE40062CED0 /* LaunchScreen.storyboard */ = {
			isa = PBXVariantGroup;
			children = (
				4361E9071EB59FE40062CED0 /* Base */,
			);
			name = LaunchScreen.storyboard;
			sourceTree = "<group>";
		};
/* End PBXVariantGroup section */

/* Begin XCBuildConfiguration section */
		4361E90A1EB59FE40062CED0 /* Debug */ = {
			isa = XCBuildConfiguration;
			buildSettings = {
				ALWAYS_SEARCH_USER_PATHS = NO;
				CLANG_ANALYZER_NONNULL = YES;
				CLANG_ANALYZER_NUMBER_OBJECT_CONVERSION = YES_AGGRESSIVE;
				CLANG_CXX_LANGUAGE_STANDARD = "gnu++0x";
				CLANG_CXX_LIBRARY = "libc++";
				CLANG_ENABLE_MODULES = YES;
				CLANG_ENABLE_OBJC_ARC = YES;
				CLANG_WARN_BOOL_CONVERSION = YES;
				CLANG_WARN_CONSTANT_CONVERSION = YES;
				CLANG_WARN_DIRECT_OBJC_ISA_USAGE = YES_ERROR;
				CLANG_WARN_DOCUMENTATION_COMMENTS = YES;
				CLANG_WARN_EMPTY_BODY = YES;
				CLANG_WARN_ENUM_CONVERSION = YES;
				CLANG_WARN_INFINITE_RECURSION = YES;
				CLANG_WARN_INT_CONVERSION = YES;
				CLANG_WARN_OBJC_ROOT_CLASS = YES_ERROR;
				CLANG_WARN_SUSPICIOUS_MOVE = YES;
				CLANG_WARN_UNREACHABLE_CODE = YES;
				CLANG_WARN__DUPLICATE_METHOD_MATCH = YES;
				"CODE_SIGN_IDENTITY[sdk=iphoneos*]" = "iPhone Developer";
				COPY_PHASE_STRIP = NO;
				DEBUG_INFORMATION_FORMAT = dwarf;
				ENABLE_STRICT_OBJC_MSGSEND = YES;
				ENABLE_TESTABILITY = YES;
				GCC_C_LANGUAGE_STANDARD = gnu99;
				GCC_DYNAMIC_NO_PIC = NO;
				GCC_NO_COMMON_BLOCKS = YES;
				GCC_OPTIMIZATION_LEVEL = 0;
				GCC_PREPROCESSOR_DEFINITIONS = (
					"DEBUG=1",
					"$(inherited)",
				);
				GCC_WARN_64_TO_32_BIT_CONVERSION = YES;
				GCC_WARN_ABOUT_RETURN_TYPE = YES_ERROR;
				GCC_WARN_UNDECLARED_SELECTOR = YES;
				GCC_WARN_UNINITIALIZED_AUTOS = YES_AGGRESSIVE;
				GCC_WARN_UNUSED_FUNCTION = YES;
				GCC_WARN_UNUSED_VARIABLE = YES;
				IPHONEOS_DEPLOYMENT_TARGET = 10.3;
				MTL_ENABLE_DEBUG_INFO = YES;
				ONLY_ACTIVE_ARCH = YES;
				SDKROOT = iphoneos;
				SWIFT_ACTIVE_COMPILATION_CONDITIONS = DEBUG;
				SWIFT_OPTIMIZATION_LEVEL = "-Onone";
				TARGETED_DEVICE_FAMILY = "1,2";
			};
			name = Debug;
		};
		4361E90B1EB59FE40062CED0 /* Release */ = {
			isa = XCBuildConfiguration;
			buildSettings = {
				ALWAYS_SEARCH_USER_PATHS = NO;
				CLANG_ANALYZER_NONNULL = YES;
				CLANG_ANALYZER_NUMBER_OBJECT_CONVERSION = YES_AGGRESSIVE;
				CLANG_CXX_LANGUAGE_STANDARD = "gnu++0x";
				CLANG_CXX_LIBRARY = "libc++";
				CLANG_ENABLE_MODULES = YES;
				CLANG_ENABLE_OBJC_ARC = YES;
				CLANG_WARN_BOOL_CONVERSION = YES;
				CLANG_WARN_CONSTANT_CONVERSION = YES;
				CLANG_WARN_DIRECT_OBJC_ISA_USAGE = YES_ERROR;
				CLANG_WARN_DOCUMENTATION_COMMENTS = YES;
				CLANG_WARN_EMPTY_BODY = YES;
				CLANG_WARN_ENUM_CONVERSION = YES;
				CLANG_WARN_INFINITE_RECURSION = YES;
				CLANG_WARN_INT_CONVERSION = YES;
				CLANG_WARN_OBJC_ROOT_CLASS = YES_ERROR;
				CLANG_WARN_SUSPICIOUS_MOVE = YES;
				CLANG_WARN_UNREACHABLE_CODE = YES;
				CLANG_WARN__DUPLICATE_METHOD_MATCH = YES;
				"CODE_SIGN_IDENTITY[sdk=iphoneos*]" = "iPhone Developer";
				COPY_PHASE_STRIP = NO;
				DEBUG_INFORMATION_FORMAT = "dwarf-with-dsym";
				ENABLE_NS_ASSERTIONS = NO;
				ENABLE_STRICT_OBJC_MSGSEND = YES;
				GCC_C_LANGUAGE_STANDARD = gnu99;
				GCC_NO_COMMON_BLOCKS = YES;
				GCC_WARN_64_TO_32_BIT_CONVERSION = YES;
				GCC_WARN_ABOUT_RETURN_TYPE = YES_ERROR;
				GCC_WARN_UNDECLARED_SELECTOR = YES;
				GCC_WARN_UNINITIALIZED_AUTOS = YES_AGGRESSIVE;
				GCC_WARN_UNUSED_FUNCTION = YES;
				GCC_WARN_UNUSED_VARIABLE = YES;
				IPHONEOS_DEPLOYMENT_TARGET = 10.3;
				MTL_ENABLE_DEBUG_INFO = NO;
				SDKROOT = iphoneos;
				SWIFT_OPTIMIZATION_LEVEL = "-Owholemodule";
				TARGETED_DEVICE_FAMILY = "1,2";
				VALIDATE_PRODUCT = YES;
			};
			name = Release;
		};
		4361E90D1EB59FE40062CED0 /* Debug */ = {
			isa = XCBuildConfiguration;
			baseConfigurationReference = D37FE26B54455D78E2674A1B /* Pods-Kulture.debug.xcconfig */;
			buildSettings = {
				ASSETCATALOG_COMPILER_APPICON_NAME = AppIcon;
				INFOPLIST_FILE = Kulture/Info.plist;
				LD_RUNPATH_SEARCH_PATHS = "$(inherited) @executable_path/Frameworks";
				PRODUCT_BUNDLE_IDENTIFIER = com.FutureXInc.Kulture;
				PRODUCT_NAME = "$(TARGET_NAME)";
				SWIFT_VERSION = 3.0;
			};
			name = Debug;
		};
		4361E90E1EB59FE40062CED0 /* Release */ = {
			isa = XCBuildConfiguration;
			baseConfigurationReference = A24DE6099C0EFE92104EA2C7 /* Pods-Kulture.release.xcconfig */;
			buildSettings = {
				ASSETCATALOG_COMPILER_APPICON_NAME = AppIcon;
				INFOPLIST_FILE = Kulture/Info.plist;
				LD_RUNPATH_SEARCH_PATHS = "$(inherited) @executable_path/Frameworks";
				PRODUCT_BUNDLE_IDENTIFIER = com.FutureXInc.Kulture;
				PRODUCT_NAME = "$(TARGET_NAME)";
				SWIFT_VERSION = 3.0;
			};
			name = Release;
		};
/* End XCBuildConfiguration section */

/* Begin XCConfigurationList section */
		4361E8F51EB59FE40062CED0 /* Build configuration list for PBXProject "Kulture" */ = {
			isa = XCConfigurationList;
			buildConfigurations = (
				4361E90A1EB59FE40062CED0 /* Debug */,
				4361E90B1EB59FE40062CED0 /* Release */,
			);
			defaultConfigurationIsVisible = 0;
			defaultConfigurationName = Release;
		};
		4361E90C1EB59FE40062CED0 /* Build configuration list for PBXNativeTarget "Kulture" */ = {
			isa = XCConfigurationList;
			buildConfigurations = (
				4361E90D1EB59FE40062CED0 /* Debug */,
				4361E90E1EB59FE40062CED0 /* Release */,
			);
			defaultConfigurationIsVisible = 0;
			defaultConfigurationName = Release;
		};
/* End XCConfigurationList section */
	};
	rootObject = 4361E8F21EB59FE40062CED0 /* Project object */;
}
